
Microsoft Visual Studio Solution File, Format Version 12.00
# Visual Studio Version 17
VisualStudioVersion = 17.8.34309.116
MinimumVisualStudioVersion = 10.0.40219.1
Project("{FAE04EC0-301F-11D3-BF4B-00C04F79EFBC}") = "PublishingCompany", "PublishingCompany.csproj", "{0C7CD41D-6450-4EA3-A52B-CCCC3EFA76AE}"
EndProject
Global
	GlobalSection(SolutionConfigurationPlatforms) = preSolution
		Debug|Any CPU = Debug|Any CPU
		Release|Any CPU = Release|Any CPU
	EndGlobalSection
	GlobalSection(ProjectConfigurationPlatforms) = postSolution
		{0C7CD41D-6450-4EA3-A52B-CCCC3EFA76AE}.Debug|Any CPU.ActiveCfg = Debug|Any CPU
		{0C7CD41D-6450-4EA3-A52B-CCCC3EFA76AE}.Debug|Any CPU.Build.0 = Debug|Any CPU
		{0C7CD41D-6450-4EA3-A52B-CCCC3EFA76AE}.Release|Any CPU.ActiveCfg = Release|Any CPU
		{0C7CD41D-6450-4EA3-A52B-CCCC3EFA76AE}.Release|Any CPU.Build.0 = Release|Any CPU
	EndGlobalSection
	GlobalSection(SolutionProperties) = preSolution
		HideSolutionNode = FALSE
	EndGlobalSection
	GlobalSection(ExtensibilityGlobals) = postSolution
		SolutionGuid = {4DE71E5B-77C8-4DF4-8735-70F747255EC3}
	EndGlobalSection
EndGlobal
